// !$*UTF8*$!
{
	archiveVersion = 1;
	classes = {
	};
	objectVersion = 46;
	objects = {

/* Begin PBXBuildFile section */
		02E439C943546E229BF5808F /* Pods_MapboxFramework.framework in Frameworks */ = {isa = PBXBuildFile; fileRef = 4E13CF6B0E04833F6FA3CD62 /* Pods_MapboxFramework.framework */; };
		244CA32C205BBA28008C93CF /* map.geojson in Resources */ = {isa = PBXBuildFile; fileRef = 244CA32B205BBA28008C93CF /* map.geojson */; };
		249282BB205AEE8D00FFA97B /* AppDelegate.swift in Sources */ = {isa = PBXBuildFile; fileRef = 249282BA205AEE8D00FFA97B /* AppDelegate.swift */; };
		249282BD205AEE8D00FFA97B /* ViewController.swift in Sources */ = {isa = PBXBuildFile; fileRef = 249282BC205AEE8D00FFA97B /* ViewController.swift */; };
		249282C0205AEE8D00FFA97B /* Main.storyboard in Resources */ = {isa = PBXBuildFile; fileRef = 249282BE205AEE8D00FFA97B /* Main.storyboard */; };
		249282C2205AEE8D00FFA97B /* Assets.xcassets in Resources */ = {isa = PBXBuildFile; fileRef = 249282C1205AEE8D00FFA97B /* Assets.xcassets */; };
		249282C5205AEE8D00FFA97B /* LaunchScreen.storyboard in Resources */ = {isa = PBXBuildFile; fileRef = 249282C3205AEE8D00FFA97B /* LaunchScreen.storyboard */; };
/* End PBXBuildFile section */

/* Begin PBXFileReference section */
		244CA32B205BBA28008C93CF /* map.geojson */ = {isa = PBXFileReference; fileEncoding = 4; lastKnownFileType = text; path = map.geojson; sourceTree = SOURCE_ROOT; };
		249282B7205AEE8D00FFA97B /* MapboxFramework.app */ = {isa = PBXFileReference; explicitFileType = wrapper.application; includeInIndex = 0; path = MapboxFramework.app; sourceTree = BUILT_PRODUCTS_DIR; };
		249282BA205AEE8D00FFA97B /* AppDelegate.swift */ = {isa = PBXFileReference; lastKnownFileType = sourcecode.swift; path = AppDelegate.swift; sourceTree = "<group>"; };
		249282BC205AEE8D00FFA97B /* ViewController.swift */ = {isa = PBXFileReference; lastKnownFileType = sourcecode.swift; path = ViewController.swift; sourceTree = "<group>"; };
		249282BF205AEE8D00FFA97B /* Base */ = {isa = PBXFileReference; lastKnownFileType = file.storyboard; name = Base; path = Base.lproj/Main.storyboard; sourceTree = "<group>"; };
		249282C1205AEE8D00FFA97B /* Assets.xcassets */ = {isa = PBXFileReference; lastKnownFileType = folder.assetcatalog; path = Assets.xcassets; sourceTree = "<group>"; };
		249282C4205AEE8D00FFA97B /* Base */ = {isa = PBXFileReference; lastKnownFileType = file.storyboard; name = Base; path = Base.lproj/LaunchScreen.storyboard; sourceTree = "<group>"; };
		249282C6205AEE8D00FFA97B /* Info.plist */ = {isa = PBXFileReference; lastKnownFileType = text.plist.xml; path = Info.plist; sourceTree = "<group>"; };
		4E13CF6B0E04833F6FA3CD62 /* Pods_MapboxFramework.framework */ = {isa = PBXFileReference; explicitFileType = wrapper.framework; includeInIndex = 0; path = Pods_MapboxFramework.framework; sourceTree = BUILT_PRODUCTS_DIR; };
		8DC45AC6D28AA8FE8A78CED9 /* Pods-MapboxFramework.release.xcconfig */ = {isa = PBXFileReference; includeInIndex = 1; lastKnownFileType = text.xcconfig; name = "Pods-MapboxFramework.release.xcconfig"; path = "Pods/Target Support Files/Pods-MapboxFramework/Pods-MapboxFramework.release.xcconfig"; sourceTree = "<group>"; };
		E7075BBE0CB43A217D7C1382 /* Pods-MapboxFramework.debug.xcconfig */ = {isa = PBXFileReference; includeInIndex = 1; lastKnownFileType = text.xcconfig; name = "Pods-MapboxFramework.debug.xcconfig"; path = "Pods/Target Support Files/Pods-MapboxFramework/Pods-MapboxFramework.debug.xcconfig"; sourceTree = "<group>"; };
/* End PBXFileReference section */

/* Begin PBXFrameworksBuildPhase section */
		249282B4205AEE8B00FFA97B /* Frameworks */ = {
			isa = PBXFrameworksBuildPhase;
			buildActionMask = 2147483647;
			files = (
				02E439C943546E229BF5808F /* Pods_MapboxFramework.framework in Frameworks */,
			);
			runOnlyForDeploymentPostprocessing = 0;
		};
/* End PBXFrameworksBuildPhase section */

/* Begin PBXGroup section */
		1CCDD9239CE4DA7EEC8D3070 /* Frameworks */ = {
			isa = PBXGroup;
			children = (
				4E13CF6B0E04833F6FA3CD62 /* Pods_MapboxFramework.framework */,
			);
			name = Frameworks;
			sourceTree = "<group>";
		};
		249282AE205AEE8A00FFA97B = {
			isa = PBXGroup;
			children = (
				249282B9205AEE8D00FFA97B /* MapboxFramework */,
				249282B8205AEE8D00FFA97B /* Products */,
				31CF5070E29FC103CD72D452 /* Pods */,
				1CCDD9239CE4DA7EEC8D3070 /* Frameworks */,
			);
			sourceTree = "<group>";
		};
		249282B8205AEE8D00FFA97B /* Products */ = {
			isa = PBXGroup;
			children = (
				249282B7205AEE8D00FFA97B /* MapboxFramework.app */,
			);
			name = Products;
			sourceTree = "<group>";
		};
		249282B9205AEE8D00FFA97B /* MapboxFramework */ = {
			isa = PBXGroup;
			children = (
				249282BA205AEE8D00FFA97B /* AppDelegate.swift */,
				249282BC205AEE8D00FFA97B /* ViewController.swift */,
				249282BE205AEE8D00FFA97B /* Main.storyboard */,
				249282C1205AEE8D00FFA97B /* Assets.xcassets */,
				244CA32B205BBA28008C93CF /* map.geojson */,
				249282C3205AEE8D00FFA97B /* LaunchScreen.storyboard */,
				249282C6205AEE8D00FFA97B /* Info.plist */,
			);
			path = MapboxFramework;
			sourceTree = "<group>";
		};
		31CF5070E29FC103CD72D452 /* Pods */ = {
			isa = PBXGroup;
			children = (
				E7075BBE0CB43A217D7C1382 /* Pods-MapboxFramework.debug.xcconfig */,
				8DC45AC6D28AA8FE8A78CED9 /* Pods-MapboxFramework.release.xcconfig */,
			);
			name = Pods;
			sourceTree = "<group>";
		};
/* End PBXGroup section */

/* Begin PBXNativeTarget section */
		249282B6205AEE8B00FFA97B /* MapboxFramework */ = {
			isa = PBXNativeTarget;
			buildConfigurationList = 249282C9205AEE8D00FFA97B /* Build configuration list for PBXNativeTarget "MapboxFramework" */;
			buildPhases = (
				4478D77B08B02AA7E5272D06 /* [CP] Check Pods Manifest.lock */,
				249282B3205AEE8B00FFA97B /* Sources */,
				249282B4205AEE8B00FFA97B /* Frameworks */,
				249282B5205AEE8B00FFA97B /* Resources */,
				0DA0C624B1D7DA381E2087C4 /* [CP] Embed Pods Frameworks */,
				F02C707B2EAC8BED8AAF916B /* [CP] Copy Pods Resources */,
			);
			buildRules = (
			);
			dependencies = (
			);
			name = MapboxFramework;
			productName = MapboxFramework;
			productReference = 249282B7205AEE8D00FFA97B /* MapboxFramework.app */;
			productType = "com.apple.product-type.application";
		};
/* End PBXNativeTarget section */

/* Begin PBXProject section */
		249282AF205AEE8A00FFA97B /* Project object */ = {
			isa = PBXProject;
			attributes = {
				LastSwiftUpdateCheck = 0820;
				LastUpgradeCheck = 0820;
				ORGANIZATIONNAME = VictorVolnukhin;
				TargetAttributes = {
					249282B6205AEE8B00FFA97B = {
						CreatedOnToolsVersion = 8.2.1;
						ProvisioningStyle = Automatic;
					};
				};
			};
			buildConfigurationList = 249282B2205AEE8B00FFA97B /* Build configuration list for PBXProject "MapboxFramework" */;
			compatibilityVersion = "Xcode 3.2";
			developmentRegion = English;
			hasScannedForEncodings = 0;
			knownRegions = (
				en,
				Base,
			);
			mainGroup = 249282AE205AEE8A00FFA97B;
			productRefGroup = 249282B8205AEE8D00FFA97B /* Products */;
			projectDirPath = "";
			projectRoot = "";
			targets = (
				249282B6205AEE8B00FFA97B /* MapboxFramework */,
			);
		};
/* End PBXProject section */

/* Begin PBXResourcesBuildPhase section */
		249282B5205AEE8B00FFA97B /* Resources */ = {
			isa = PBXResourcesBuildPhase;
			buildActionMask = 2147483647;
			files = (
				244CA32C205BBA28008C93CF /* map.geojson in Resources */,
				249282C5205AEE8D00FFA97B /* LaunchScreen.storyboard in Resources */,
				249282C2205AEE8D00FFA97B /* Assets.xcassets in Resources */,
				249282C0205AEE8D00FFA97B /* Main.storyboard in Resources */,
			);
			runOnlyForDeploymentPostprocessing = 0;
		};
/* End PBXResourcesBuildPhase section */

/* Begin PBXShellScriptBuildPhase section */
		0DA0C624B1D7DA381E2087C4 /* [CP] Embed Pods Frameworks */ = {
			isa = PBXShellScriptBuildPhase;
			buildActionMask = 2147483647;
			files = (
			);
			inputPaths = (
				"${SRCROOT}/Pods/Target Support Files/Pods-MapboxFramework/Pods-MapboxFramework-frameworks.sh",
				"${PODS_ROOT}/Mapbox-iOS-SDK/dynamic/Mapbox.framework",
				"${PODS_ROOT}/Mapbox-iOS-SDK/dynamic/Mapbox.framework.dSYM",
				"${BUILT_PRODUCTS_DIR}/SwiftyJSON/SwiftyJSON.framework",
			);
			name = "[CP] Embed Pods Frameworks";
			outputPaths = (
				"${TARGET_BUILD_DIR}/${FRAMEWORKS_FOLDER_PATH}/Mapbox.framework",
				"${DWARF_DSYM_FOLDER_PATH}/Mapbox.framework.dSYM",
				"${TARGET_BUILD_DIR}/${FRAMEWORKS_FOLDER_PATH}/SwiftyJSON.framework",
			);
			runOnlyForDeploymentPostprocessing = 0;
			shellPath = /bin/sh;
			shellScript = "\"${SRCROOT}/Pods/Target Support Files/Pods-MapboxFramework/Pods-MapboxFramework-frameworks.sh\"\n";
			showEnvVarsInLog = 0;
		};
		4478D77B08B02AA7E5272D06 /* [CP] Check Pods Manifest.lock */ = {
			isa = PBXShellScriptBuildPhase;
			buildActionMask = 2147483647;
			files = (
			);
			inputPaths = (
				"${PODS_PODFILE_DIR_PATH}/Podfile.lock",
				"${PODS_ROOT}/Manifest.lock",
			);
			name = "[CP] Check Pods Manifest.lock";
			outputPaths = (
				"$(DERIVED_FILE_DIR)/Pods-MapboxFramework-checkManifestLockResult.txt",
			);
			runOnlyForDeploymentPostprocessing = 0;
			shellPath = /bin/sh;
			shellScript = "diff \"${PODS_PODFILE_DIR_PATH}/Podfile.lock\" \"${PODS_ROOT}/Manifest.lock\" > /dev/null\nif [ $? != 0 ] ; then\n    # print error to STDERR\n    echo \"error: The sandbox is not in sync with the Podfile.lock. Run 'pod install' or update your CocoaPods installation.\" >&2\n    exit 1\nfi\n# This output is used by Xcode 'outputs' to avoid re-running this script phase.\necho \"SUCCESS\" > \"${SCRIPT_OUTPUT_FILE_0}\"\n";
			showEnvVarsInLog = 0;
		};
		F02C707B2EAC8BED8AAF916B /* [CP] Copy Pods Resources */ = {
			isa = PBXShellScriptBuildPhase;
			buildActionMask = 2147483647;
			files = (
			);
			inputPaths = (
			);
			name = "[CP] Copy Pods Resources";
			outputPaths = (
			);
			runOnlyForDeploymentPostprocessing = 0;
			shellPath = /bin/sh;
			shellScript = "\"${SRCROOT}/Pods/Target Support Files/Pods-MapboxFramework/Pods-MapboxFramework-resources.sh\"\n";
			showEnvVarsInLog = 0;
		};
/* End PBXShellScriptBuildPhase section */

/* Begin PBXSourcesBuildPhase section */
		249282B3205AEE8B00FFA97B /* Sources */ = {
			isa = PBXSourcesBuildPhase;
			buildActionMask = 2147483647;
			files = (
				249282BD205AEE8D00FFA97B /* ViewController.swift in Sources */,
				249282BB205AEE8D00FFA97B /* AppDelegate.swift in Sources */,
			);
			runOnlyForDeploymentPostprocessing = 0;
		};
/* End PBXSourcesBuildPhase section */

/* Begin PBXVariantGroup section */
		249282BE205AEE8D00FFA97B /* Main.storyboard */ = {
			isa = PBXVariantGroup;
			children = (
				249282BF205AEE8D00FFA97B /* Base */,
			);
			name = Main.storyboard;
			sourceTree = "<group>";
		};
		249282C3205AEE8D00FFA97B /* LaunchScreen.storyboard */ = {
			isa = PBXVariantGroup;
			children = (
				249282C4205AEE8D00FFA97B /* Base */,
			);
			name = LaunchScreen.storyboard;
			sourceTree = "<group>";
		};
/* End PBXVariantGroup section */

/* Begin XCBuildConfiguration section */
		249282C7205AEE8D00FFA97B /* Debug */ = {
			isa = XCBuildConfiguration;
			buildSettings = {
				ALWAYS_SEARCH_USER_PATHS = NO;
				CLANG_ANALYZER_NONNULL = YES;
				CLANG_CXX_LANGUAGE_STANDARD = "gnu++0x";
				CLANG_CXX_LIBRARY = "libc++";
				CLANG_ENABLE_MODULES = YES;
				CLANG_ENABLE_OBJC_ARC = YES;
				CLANG_WARN_BOOL_CONVERSION = YES;
				CLANG_WARN_CONSTANT_CONVERSION = YES;
				CLANG_WARN_DIRECT_OBJC_ISA_USAGE = YES_ERROR;
				CLANG_WARN_DOCUMENTATION_COMMENTS = YES;
				CLANG_WARN_EMPTY_BODY = YES;
				CLANG_WARN_ENUM_CONVERSION = YES;
				CLANG_WARN_INFINITE_RECURSION = YES;
				CLANG_WARN_INT_CONVERSION = YES;
				CLANG_WARN_OBJC_ROOT_CLASS = YES_ERROR;
				CLANG_WARN_SUSPICIOUS_MOVE = YES;
				CLANG_WARN_UNREACHABLE_CODE = YES;
				CLANG_WARN__DUPLICATE_METHOD_MATCH = YES;
				"CODE_SIGN_IDENTITY[sdk=iphoneos*]" = "iPhone Developer";
				COPY_PHASE_STRIP = NO;
				DEBUG_INFORMATION_FORMAT = dwarf;
				ENABLE_STRICT_OBJC_MSGSEND = YES;
				ENABLE_TESTABILITY = YES;
				GCC_C_LANGUAGE_STANDARD = gnu99;
				GCC_DYNAMIC_NO_PIC = NO;
				GCC_NO_COMMON_BLOCKS = YES;
				GCC_OPTIMIZATION_LEVEL = 0;
				GCC_PREPROCESSOR_DEFINITIONS = (
					"DEBUG=1",
					"$(inherited)",
				);
				GCC_WARN_64_TO_32_BIT_CONVERSION = YES;
				GCC_WARN_ABOUT_RETURN_TYPE = YES_ERROR;
				GCC_WARN_UNDECLARED_SELECTOR = YES;
				GCC_WARN_UNINITIALIZED_AUTOS = YES_AGGRESSIVE;
				GCC_WARN_UNUSED_FUNCTION = YES;
				GCC_WARN_UNUSED_VARIABLE = YES;
				IPHONEOS_DEPLOYMENT_TARGET = 10.2;
				MTL_ENABLE_DEBUG_INFO = YES;
				ONLY_ACTIVE_ARCH = YES;
				SDKROOT = iphoneos;
				SWIFT_ACTIVE_COMPILATION_CONDITIONS = DEBUG;
				SWIFT_OPTIMIZATION_LEVEL = "-Onone";
			};
			name = Debug;
		};
		249282C8205AEE8D00FFA97B /* Release */ = {
			isa = XCBuildConfiguration;
			buildSettings = {
				ALWAYS_SEARCH_USER_PATHS = NO;
				CLANG_ANALYZER_NONNULL = YES;
				CLANG_CXX_LANGUAGE_STANDARD = "gnu++0x";
				CLANG_CXX_LIBRARY = "libc++";
				CLANG_ENABLE_MODULES = YES;
				CLANG_ENABLE_OBJC_ARC = YES;
				CLANG_WARN_BOOL_CONVERSION = YES;
				CLANG_WARN_CONSTANT_CONVERSION = YES;
				CLANG_WARN_DIRECT_OBJC_ISA_USAGE = YES_ERROR;
				CLANG_WARN_DOCUMENTATION_COMMENTS = YES;
				CLANG_WARN_EMPTY_BODY = YES;
				CLANG_WARN_ENUM_CONVERSION = YES;
				CLANG_WARN_INFINITE_RECURSION = YES;
				CLANG_WARN_INT_CONVERSION = YES;
				CLANG_WARN_OBJC_ROOT_CLASS = YES_ERROR;
				CLANG_WARN_SUSPICIOUS_MOVE = YES;
				CLANG_WARN_UNREACHABLE_CODE = YES;
				CLANG_WARN__DUPLICATE_METHOD_MATCH = YES;
				"CODE_SIGN_IDENTITY[sdk=iphoneos*]" = "iPhone Developer";
				COPY_PHASE_STRIP = NO;
				DEBUG_INFORMATION_FORMAT = "dwarf-with-dsym";
				ENABLE_NS_ASSERTIONS = NO;
				ENABLE_STRICT_OBJC_MSGSEND = YES;
				GCC_C_LANGUAGE_STANDARD = gnu99;
				GCC_NO_COMMON_BLOCKS = YES;
				GCC_WARN_64_TO_32_BIT_CONVERSION = YES;
				GCC_WARN_ABOUT_RETURN_TYPE = YES_ERROR;
				GCC_WARN_UNDECLARED_SELECTOR = YES;
				GCC_WARN_UNINITIALIZED_AUTOS = YES_AGGRESSIVE;
				GCC_WARN_UNUSED_FUNCTION = YES;
				GCC_WARN_UNUSED_VARIABLE = YES;
				IPHONEOS_DEPLOYMENT_TARGET = 10.2;
				MTL_ENABLE_DEBUG_INFO = NO;
				SDKROOT = iphoneos;
				SWIFT_OPTIMIZATION_LEVEL = "-Owholemodule";
				VALIDATE_PRODUCT = YES;
			};
			name = Release;
		};
		249282CA205AEE8D00FFA97B /* Debug */ = {
			isa = XCBuildConfiguration;
			baseConfigurationReference = E7075BBE0CB43A217D7C1382 /* Pods-MapboxFramework.debug.xcconfig */;
			buildSettings = {
				ASSETCATALOG_COMPILER_APPICON_NAME = AppIcon;
				INFOPLIST_FILE = MapboxFramework/Info.plist;
				LD_RUNPATH_SEARCH_PATHS = "$(inherited) @executable_path/Frameworks";
				PRODUCT_BUNDLE_IDENTIFIER = VictorVolnukhin.MapboxFramework;
				PRODUCT_NAME = "$(TARGET_NAME)";
				SWIFT_VERSION = 3.0;
			};
			name = Debug;
		};
		249282CB205AEE8D00FFA97B /* Release */ = {
			isa = XCBuildConfiguration;
			baseConfigurationReference = 8DC45AC6D28AA8FE8A78CED9 /* Pods-MapboxFramework.release.xcconfig */;
			buildSettings = {
				ASSETCATALOG_COMPILER_APPICON_NAME = AppIcon;
				INFOPLIST_FILE = MapboxFramework/Info.plist;
				LD_RUNPATH_SEARCH_PATHS = "$(inherited) @executable_path/Frameworks";
				PRODUCT_BUNDLE_IDENTIFIER = VictorVolnukhin.MapboxFramework;
				PRODUCT_NAME = "$(TARGET_NAME)";
				SWIFT_VERSION = 3.0;
			};
			name = Release;
		};
/* End XCBuildConfiguration section */

/* Begin XCConfigurationList section */
		249282B2205AEE8B00FFA97B /* Build configuration list for PBXProject "MapboxFramework" */ = {
			isa = XCConfigurationList;
			buildConfigurations = (
				249282C7205AEE8D00FFA97B /* Debug */,
				249282C8205AEE8D00FFA97B /* Release */,
			);
			defaultConfigurationIsVisible = 0;
			defaultConfigurationName = Release;
		};
		249282C9205AEE8D00FFA97B /* Build configuration list for PBXNativeTarget "MapboxFramework" */ = {
			isa = XCConfigurationList;
			buildConfigurations = (
				249282CA205AEE8D00FFA97B /* Debug */,
				249282CB205AEE8D00FFA97B /* Release */,
			);
			defaultConfigurationIsVisible = 0;
			defaultConfigurationName = Release;
		};
/* End XCConfigurationList section */
	};
	rootObject = 249282AF205AEE8A00FFA97B /* Project object */;
}
